
Microsoft Visual Studio Solution File, Format Version 12.00
# Visual Studio Version 17
VisualStudioVersion = 17.2.32602.215
MinimumVisualStudioVersion = 10.0.40219.1
Project("{FAE04EC0-301F-11D3-BF4B-00C04F79EFBC}") = "Questionnaire", "Questionnaire\Questionnaire.csproj", "{B2710F7D-CCBE-4A0B-8890-3DBB7DF9185F}"
EndProject
Global
	GlobalSection(SolutionConfigurationPlatforms) = preSolution
		Debug|Any CPU = Debug|Any CPU
		Release|Any CPU = Release|Any CPU
	EndGlobalSection
	GlobalSection(ProjectConfigurationPlatforms) = postSolution
		{B2710F7D-CCBE-4A0B-8890-3DBB7DF9185F}.Debug|Any CPU.ActiveCfg = Debug|Any CPU
		{B2710F7D-CCBE-4A0B-8890-3DBB7DF9185F}.Debug|Any CPU.Build.0 = Debug|Any CPU
		{B2710F7D-CCBE-4A0B-8890-3DBB7DF9185F}.Release|Any CPU.ActiveCfg = Release|Any CPU
		{B2710F7D-CCBE-4A0B-8890-3DBB7DF9185F}.Release|Any CPU.Build.0 = Release|Any CPU
	EndGlobalSection
	GlobalSection(SolutionProperties) = preSolution
		HideSolutionNode = FALSE
	EndGlobalSection
	GlobalSection(ExtensibilityGlobals) = postSolution
		SolutionGuid = {F409DDF9-B6BB-42D4-91B8-BA15DFEBA8AA}
	EndGlobalSection
EndGlobal
